// !$*UTF8*$!
{
	archiveVersion = 1;
	classes = {
	};
	objectVersion = 77;
	objects = {

/* Begin PBXBuildFile section */
		0C5A8BA9B41FE90392551D79 /* BoxAIService.swift in Sources */ = {isa = PBXBuildFile; fileRef = 39A4543067AE184752064483 /* BoxAIService.swift */; };
		67BA4DDD3AD6E36467FC96BA /* BoxIATutorApp.swift in Sources */ = {isa = PBXBuildFile; fileRef = EEC1B72A5DA89922F29C2E3B /* BoxIATutorApp.swift */; };
		6BF04ADB5C429A875C4142CC /* ContentView.swift in Sources */ = {isa = PBXBuildFile; fileRef = C17782EB40D76A01289E98AF /* ContentView.swift */; };
		BB7E9B830E74A97415D09097 /* ChatMessage.swift in Sources */ = {isa = PBXBuildFile; fileRef = E2CFC61BD2D2E6CDB6E958D4 /* ChatMessage.swift */; };
/* End PBXBuildFile section */

/* Begin PBXFileReference section */
		39A4543067AE184752064483 /* BoxAIService.swift */ = {isa = PBXFileReference; lastKnownFileType = sourcecode.swift; path = BoxAIService.swift; sourceTree = "<group>"; };
		72D2D56443B8E3FCBC16CE72 /* BoxIATutor.app */ = {isa = PBXFileReference; includeInIndex = 0; lastKnownFileType = wrapper.application; path = BoxIATutor.app; sourceTree = BUILT_PRODUCTS_DIR; };
		8B79F7071EC6CDE55AFD90D9 /* Info.plist */ = {isa = PBXFileReference; lastKnownFileType = text.plist; path = Info.plist; sourceTree = "<group>"; };
		C17782EB40D76A01289E98AF /* ContentView.swift */ = {isa = PBXFileReference; lastKnownFileType = sourcecode.swift; path = ContentView.swift; sourceTree = "<group>"; };
		E2CFC61BD2D2E6CDB6E958D4 /* ChatMessage.swift */ = {isa = PBXFileReference; lastKnownFileType = sourcecode.swift; path = ChatMessage.swift; sourceTree = "<group>"; };
		EEC1B72A5DA89922F29C2E3B /* BoxIATutorApp.swift */ = {isa = PBXFileReference; lastKnownFileType = sourcecode.swift; path = BoxIATutorApp.swift; sourceTree = "<group>"; };
/* End PBXFileReference section */

/* Begin PBXGroup section */
		04640EE101286303726B427A /* Products */ = {
			isa = PBXGroup;
			children = (
				72D2D56443B8E3FCBC16CE72 /* BoxIATutor.app */,
			);
			name = Products;
			sourceTree = "<group>";
		};
		9BA0F6429C4BAFD91E94B391 /* Models */ = {
			isa = PBXGroup;
			children = (
				E2CFC61BD2D2E6CDB6E958D4 /* ChatMessage.swift */,
			);
			path = Models;
			sourceTree = "<group>";
		};
		BE884D0280F328FE592A462A = {
			isa = PBXGroup;
			children = (
				D48B3ECF8B3B4849E6E5E9AD /* BoxIATutor */,
				04640EE101286303726B427A /* Products */,
			);
			sourceTree = "<group>";
		};
		C5BB1E57322C7CA53F5B95EC /* Views */ = {
			isa = PBXGroup;
			children = (
				C17782EB40D76A01289E98AF /* ContentView.swift */,
			);
			path = Views;
			sourceTree = "<group>";
		};
		D48B3ECF8B3B4849E6E5E9AD /* BoxIATutor */ = {
			isa = PBXGroup;
			children = (
				EEC1B72A5DA89922F29C2E3B /* BoxIATutorApp.swift */,
				8B79F7071EC6CDE55AFD90D9 /* Info.plist */,
				9BA0F6429C4BAFD91E94B391 /* Models */,
				EBE5EB68ACF6090608B14386 /* Services */,
				C5BB1E57322C7CA53F5B95EC /* Views */,
			);
			path = BoxIATutor;
			sourceTree = "<group>";
		};
		EBE5EB68ACF6090608B14386 /* Services */ = {
			isa = PBXGroup;
			children = (
				39A4543067AE184752064483 /* BoxAIService.swift */,
			);
			path = Services;
			sourceTree = "<group>";
		};
/* End PBXGroup section */

/* Begin PBXNativeTarget section */
		599E3E20CB486A2535C1EAF4 /* BoxIATutor */ = {
			isa = PBXNativeTarget;
			buildConfigurationList = 4E83605A9B5A1A3905F784CB /* Build configuration list for PBXNativeTarget "BoxIATutor" */;
			buildPhases = (
				323313C5784D83E68E608D14 /* Sources */,
			);
			buildRules = (
			);
			dependencies = (
			);
			name = BoxIATutor;
			packageProductDependencies = (
			);
			productName = BoxIATutor;
			productReference = 72D2D56443B8E3FCBC16CE72 /* BoxIATutor.app */;
			productType = "com.apple.product-type.application";
		};
/* End PBXNativeTarget section */

/* Begin PBXProject section */
		70198243E339FC314303EE5A /* Project object */ = {
			isa = PBXProject;
			attributes = {
				BuildIndependentTargetsInParallel = YES;
				LastUpgradeCheck = 1430;
				TargetAttributes = {
					599E3E20CB486A2535C1EAF4 = {
						DevelopmentTeam = "";
					};
				};
			};
			buildConfigurationList = FDDA6A7803FCEC8AFC64C710 /* Build configuration list for PBXProject "BoxIATutor" */;
			compatibilityVersion = "Xcode 14.0";
			developmentRegion = en;
			hasScannedForEncodings = 0;
			knownRegions = (
				Base,
				en,
			);
			mainGroup = BE884D0280F328FE592A462A;
			minimizedProjectReferenceProxies = 1;
			preferredProjectObjectVersion = 77;
			projectDirPath = "";
			projectRoot = "";
			targets = (
				599E3E20CB486A2535C1EAF4 /* BoxIATutor */,
			);
		};
/* End PBXProject section */

/* Begin PBXSourcesBuildPhase section */
		323313C5784D83E68E608D14 /* Sources */ = {
			isa = PBXSourcesBuildPhase;
			buildActionMask = 2147483647;
			files = (
				0C5A8BA9B41FE90392551D79 /* BoxAIService.swift in Sources */,
				67BA4DDD3AD6E36467FC96BA /* BoxIATutorApp.swift in Sources */,
				BB7E9B830E74A97415D09097 /* ChatMessage.swift in Sources */,
				6BF04ADB5C429A875C4142CC /* ContentView.swift in Sources */,
			);
			runOnlyForDeploymentPostprocessing = 0;
		};
/* End PBXSourcesBuildPhase section */

/* Begin XCBuildConfiguration section */
		55BB84C9AF83DE012880E526 /* Debug */ = {
			isa = XCBuildConfiguration;
			buildSettings = {
				ASSETCATALOG_COMPILER_APPICON_NAME = AppIcon;
				CODE_SIGN_IDENTITY = "iPhone Developer";
				INFOPLIST_FILE = BoxIATutor/Info.plist;
				IPHONEOS_DEPLOYMENT_TARGET = 17.0;
				LD_RUNPATH_SEARCH_PATHS = (
					"$(inherited)",
					"@executable_path/Frameworks",
				);
				PRODUCT_BUNDLE_IDENTIFIER = com.mitre88.BoxIATutor;
				SDKROOT = iphoneos;
				TARGETED_DEVICE_FAMILY = "1,2";
			};
			name = Debug;
		};
		64A349F60C424C180E2A28FC /* Release */ = {
			isa = XCBuildConfiguration;
			buildSettings = {
				ALWAYS_SEARCH_USER_PATHS = NO;
				CLANG_ANALYZER_NONNULL = YES;
				CLANG_ANALYZER_NUMBER_OBJECT_CONVERSION = YES_AGGRESSIVE;
				CLANG_CXX_LANGUAGE_STANDARD = "gnu++14";
				CLANG_CXX_LIBRARY = "libc++";
				CLANG_ENABLE_MODULES = YES;
				CLANG_ENABLE_OBJC_ARC = YES;
				CLANG_ENABLE_OBJC_WEAK = YES;
				CLANG_WARN_BLOCK_CAPTURE_AUTORELEASING = YES;
				CLANG_WARN_BOOL_CONVERSION = YES;
				CLANG_WARN_COMMA = YES;
				CLANG_WARN_CONSTANT_CONVERSION = YES;
				CLANG_WARN_DEPRECATED_OBJC_IMPLEMENTATIONS = YES;
				CLANG_WARN_DIRECT_OBJC_ISA_USAGE = YES_ERROR;
				CLANG_WARN_DOCUMENTATION_COMMENTS = YES;
				CLANG_WARN_EMPTY_BODY = YES;
				CLANG_WARN_ENUM_CONVERSION = YES;
				CLANG_WARN_INFINITE_RECURSION = YES;
				CLANG_WARN_INT_CONVERSION = YES;
				CLANG_WARN_NON_LITERAL_NULL_CONVERSION = YES;
				CLANG_WARN_OBJC_IMPLICIT_RETAIN_SELF = YES;
				CLANG_WARN_OBJC_LITERAL_CONVERSION = YES;
				CLANG_WARN_OBJC_ROOT_CLASS = YES_ERROR;
				CLANG_WARN_QUOTED_INCLUDE_IN_FRAMEWORK_HEADER = YES;
				CLANG_WARN_RANGE_LOOP_ANALYSIS = YES;
				CLANG_WARN_STRICT_PROTOTYPES = YES;
				CLANG_WARN_SUSPICIOUS_MOVE = YES;
				CLANG_WARN_UNGUARDED_AVAILABILITY = YES_AGGRESSIVE;
				CLANG_WARN_UNREACHABLE_CODE = YES;
				CLANG_WARN__DUPLICATE_METHOD_MATCH = YES;
				COPY_PHASE_STRIP = NO;
				DEBUG_INFORMATION_FORMAT = "dwarf-with-dsym";
				DEVELOPMENT_TEAM = "";
				ENABLE_NS_ASSERTIONS = NO;
				ENABLE_STRICT_OBJC_MSGSEND = YES;
				GCC_C_LANGUAGE_STANDARD = gnu11;
				GCC_NO_COMMON_BLOCKS = YES;
				GCC_WARN_64_TO_32_BIT_CONVERSION = YES;
				GCC_WARN_ABOUT_RETURN_TYPE = YES_ERROR;
				GCC_WARN_UNDECLARED_SELECTOR = YES;
				GCC_WARN_UNINITIALIZED_AUTOS = YES_AGGRESSIVE;
				GCC_WARN_UNUSED_FUNCTION = YES;
				GCC_WARN_UNUSED_VARIABLE = YES;
				MTL_ENABLE_DEBUG_INFO = NO;
				MTL_FAST_MATH = YES;
				PRODUCT_NAME = "$(TARGET_NAME)";
				SDKROOT = iphoneos;
				SWIFT_COMPILATION_MODE = wholemodule;
				SWIFT_OPTIMIZATION_LEVEL = "-O";
				SWIFT_VERSION = 5.0;
			};
			name = Release;
		};
		78EBD727F10607471F0C1CC7 /* Debug */ = {
			isa = XCBuildConfiguration;
			buildSettings = {
				ALWAYS_SEARCH_USER_PATHS = NO;
				CLANG_ANALYZER_NONNULL = YES;
				CLANG_ANALYZER_NUMBER_OBJECT_CONVERSION = YES_AGGRESSIVE;
				CLANG_CXX_LANGUAGE_STANDARD = "gnu++14";
				CLANG_CXX_LIBRARY = "libc++";
				CLANG_ENABLE_MODULES = YES;
				CLANG_ENABLE_OBJC_ARC = YES;
				CLANG_ENABLE_OBJC_WEAK = YES;
				CLANG_WARN_BLOCK_CAPTURE_AUTORELEASING = YES;
				CLANG_WARN_BOOL_CONVERSION = YES;
				CLANG_WARN_COMMA = YES;
				CLANG_WARN_CONSTANT_CONVERSION = YES;
				CLANG_WARN_DEPRECATED_OBJC_IMPLEMENTATIONS = YES;
				CLANG_WARN_DIRECT_OBJC_ISA_USAGE = YES_ERROR;
				CLANG_WARN_DOCUMENTATION_COMMENTS = YES;
				CLANG_WARN_EMPTY_BODY = YES;
				CLANG_WARN_ENUM_CONVERSION = YES;
				CLANG_WARN_INFINITE_RECURSION = YES;
				CLANG_WARN_INT_CONVERSION = YES;
				CLANG_WARN_NON_LITERAL_NULL_CONVERSION = YES;
				CLANG_WARN_OBJC_IMPLICIT_RETAIN_SELF = YES;
				CLANG_WARN_OBJC_LITERAL_CONVERSION = YES;
				CLANG_WARN_OBJC_ROOT_CLASS = YES_ERROR;
				CLANG_WARN_QUOTED_INCLUDE_IN_FRAMEWORK_HEADER = YES;
				CLANG_WARN_RANGE_LOOP_ANALYSIS = YES;
				CLANG_WARN_STRICT_PROTOTYPES = YES;
				CLANG_WARN_SUSPICIOUS_MOVE = YES;
				CLANG_WARN_UNGUARDED_AVAILABILITY = YES_AGGRESSIVE;
				CLANG_WARN_UNREACHABLE_CODE = YES;
				CLANG_WARN__DUPLICATE_METHOD_MATCH = YES;
				COPY_PHASE_STRIP = NO;
				DEBUG_INFORMATION_FORMAT = dwarf;
				DEVELOPMENT_TEAM = "";
				ENABLE_STRICT_OBJC_MSGSEND = YES;
				ENABLE_TESTABILITY = YES;
				GCC_C_LANGUAGE_STANDARD = gnu11;
				GCC_DYNAMIC_NO_PIC = NO;
				GCC_NO_COMMON_BLOCKS = YES;
				GCC_OPTIMIZATION_LEVEL = 0;
				GCC_PREPROCESSOR_DEFINITIONS = (
					"$(inherited)",
					"DEBUG=1",
				);
				GCC_WARN_64_TO_32_BIT_CONVERSION = YES;
				GCC_WARN_ABOUT_RETURN_TYPE = YES_ERROR;
				GCC_WARN_UNDECLARED_SELECTOR = YES;
				GCC_WARN_UNINITIALIZED_AUTOS = YES_AGGRESSIVE;
				GCC_WARN_UNUSED_FUNCTION = YES;
				GCC_WARN_UNUSED_VARIABLE = YES;
				MTL_ENABLE_DEBUG_INFO = INCLUDE_SOURCE;
				MTL_FAST_MATH = YES;
				ONLY_ACTIVE_ARCH = YES;
				PRODUCT_NAME = "$(TARGET_NAME)";
				SDKROOT = iphoneos;
				SWIFT_ACTIVE_COMPILATION_CONDITIONS = DEBUG;
				SWIFT_OPTIMIZATION_LEVEL = "-Onone";
				SWIFT_VERSION = 5.0;
			};
			name = Debug;
		};
		9EA7A5986E1BCE55374D790F /* Release */ = {
			isa = XCBuildConfiguration;
			buildSettings = {
				ASSETCATALOG_COMPILER_APPICON_NAME = AppIcon;
				CODE_SIGN_IDENTITY = "iPhone Developer";
				INFOPLIST_FILE = BoxIATutor/Info.plist;
				IPHONEOS_DEPLOYMENT_TARGET = 17.0;
				LD_RUNPATH_SEARCH_PATHS = (
					"$(inherited)",
					"@executable_path/Frameworks",
				);
				PRODUCT_BUNDLE_IDENTIFIER = com.mitre88.BoxIATutor;
				SDKROOT = iphoneos;
				TARGETED_DEVICE_FAMILY = "1,2";
			};
			name = Release;
		};
/* End XCBuildConfiguration section */

/* Begin XCConfigurationList section */
		4E83605A9B5A1A3905F784CB /* Build configuration list for PBXNativeTarget "BoxIATutor" */ = {
			isa = XCConfigurationList;
			buildConfigurations = (
				55BB84C9AF83DE012880E526 /* Debug */,
				9EA7A5986E1BCE55374D790F /* Release */,
			);
			defaultConfigurationIsVisible = 0;
			defaultConfigurationName = Debug;
		};
		FDDA6A7803FCEC8AFC64C710 /* Build configuration list for PBXProject "BoxIATutor" */ = {
			isa = XCConfigurationList;
			buildConfigurations = (
				78EBD727F10607471F0C1CC7 /* Debug */,
				64A349F60C424C180E2A28FC /* Release */,
			);
			defaultConfigurationIsVisible = 0;
			defaultConfigurationName = Debug;
		};
/* End XCConfigurationList section */
	};
	rootObject = 70198243E339FC314303EE5A /* Project object */;
}
